
Microsoft Visual Studio Solution File, Format Version 12.00
# Visual Studio Version 17
VisualStudioVersion = 17.0.31903.59
MinimumVisualStudioVersion = 10.0.40219.1
Project("{2150E333-8FDC-42A3-9474-1A3956D46DE8}") = "src", "src", "{827E0CD3-B72D-47B6-A68D-7590B98EB39B}"
EndProject
Project("{2150E333-8FDC-42A3-9474-1A3956D46DE8}") = "Estoque", "Estoque", "{00B59D96-ED68-C920-9F91-B6B8B1FC5EF2}"
EndProject
Project("{FAE04EC0-301F-11D3-BF4B-00C04F79EFBC}") = "Estoque.API", "src\Estoque\Estoque.API\Estoque.API.csproj", "{2EAE4F91-67D7-4D55-A79C-A133866C2D6A}"
EndProject
Project("{FAE04EC0-301F-11D3-BF4B-00C04F79EFBC}") = "Estoque.Application", "src\Estoque\Estoque.Application\Estoque.Application.csproj", "{B0AF5799-350B-4388-B791-3CFA5B62237D}"
EndProject
Project("{FAE04EC0-301F-11D3-BF4B-00C04F79EFBC}") = "Estoque.Domain", "src\Estoque\Estoque.Domain\Estoque.Domain.csproj", "{65C1E1A3-0466-4790-ABA3-F080DE13F95A}"
EndProject
Project("{FAE04EC0-301F-11D3-BF4B-00C04F79EFBC}") = "Estoque.Infrastructure", "src\Estoque\Estoque.Infrastructure\Estoque.Infrastructure.csproj", "{58B98164-3B08-45A3-8DD5-97D6D9D4DE54}"
EndProject
Project("{2150E333-8FDC-42A3-9474-1A3956D46DE8}") = "Vendas", "Vendas", "{1090C7B2-D6BA-09C0-4563-5AE6CFD2207F}"
EndProject
Project("{FAE04EC0-301F-11D3-BF4B-00C04F79EFBC}") = "Venda.API", "src\Vendas\Venda.API\Venda.API.csproj", "{E6E7CC2A-3ED1-4AE3-961A-FDC898339E75}"
EndProject
Project("{FAE04EC0-301F-11D3-BF4B-00C04F79EFBC}") = "Venda.Application", "src\Vendas\Venda.Application\Venda.Application.csproj", "{A8D42A33-E982-4C02-A4B0-453E364033A2}"
EndProject
Project("{FAE04EC0-301F-11D3-BF4B-00C04F79EFBC}") = "Venda.Domain", "src\Vendas\Venda.Domain\Venda.Domain.csproj", "{943C457D-5540-46FD-835F-1574919571C0}"
EndProject
Project("{FAE04EC0-301F-11D3-BF4B-00C04F79EFBC}") = "Venda.Infrastructure", "src\Vendas\Venda.Infrastructure\Venda.Infrastructure.csproj", "{C7841E3A-E59D-41A7-A4D0-71ED738EF95A}"
EndProject
Project("{FAE04EC0-301F-11D3-BF4B-00C04F79EFBC}") = "ApiGateway", "src\ApiGateway\ApiGateway.csproj", "{1D9B5344-4621-4E6E-B475-2491CF518890}"
EndProject
Project("{FAE04EC0-301F-11D3-BF4B-00C04F79EFBC}") = "Shared", "src\Shared\Shared.csproj", "{C4475D2D-E2AB-46C7-964F-169AD67057BB}"
EndProject
Project("{FAE04EC0-301F-11D3-BF4B-00C04F79EFBC}") = "Estoque.IoC", "src\Estoque\Estoque.IoC\Estoque.IoC.csproj", "{10BC48BB-9621-4FB4-B224-51D577EE0C7C}"
EndProject
Project("{FAE04EC0-301F-11D3-BF4B-00C04F79EFBC}") = "Venda.IoC", "src\Vendas\Venda.IoC\Venda.IoC.csproj", "{445FC5F5-1DAF-4F36-BBB4-80A4FA51C937}"
EndProject
Global
	GlobalSection(SolutionConfigurationPlatforms) = preSolution
		Debug|Any CPU = Debug|Any CPU
		Debug|x64 = Debug|x64
		Debug|x86 = Debug|x86
		Release|Any CPU = Release|Any CPU
		Release|x64 = Release|x64
		Release|x86 = Release|x86
	EndGlobalSection
	GlobalSection(ProjectConfigurationPlatforms) = postSolution
		{2EAE4F91-67D7-4D55-A79C-A133866C2D6A}.Debug|Any CPU.ActiveCfg = Debug|Any CPU
		{2EAE4F91-67D7-4D55-A79C-A133866C2D6A}.Debug|Any CPU.Build.0 = Debug|Any CPU
		{2EAE4F91-67D7-4D55-A79C-A133866C2D6A}.Debug|x64.ActiveCfg = Debug|Any CPU
		{2EAE4F91-67D7-4D55-A79C-A133866C2D6A}.Debug|x64.Build.0 = Debug|Any CPU
		{2EAE4F91-67D7-4D55-A79C-A133866C2D6A}.Debug|x86.ActiveCfg = Debug|Any CPU
		{2EAE4F91-67D7-4D55-A79C-A133866C2D6A}.Debug|x86.Build.0 = Debug|Any CPU
		{2EAE4F91-67D7-4D55-A79C-A133866C2D6A}.Release|Any CPU.ActiveCfg = Release|Any CPU
		{2EAE4F91-67D7-4D55-A79C-A133866C2D6A}.Release|Any CPU.Build.0 = Release|Any CPU
		{2EAE4F91-67D7-4D55-A79C-A133866C2D6A}.Release|x64.ActiveCfg = Release|Any CPU
		{2EAE4F91-67D7-4D55-A79C-A133866C2D6A}.Release|x64.Build.0 = Release|Any CPU
		{2EAE4F91-67D7-4D55-A79C-A133866C2D6A}.Release|x86.ActiveCfg = Release|Any CPU
		{2EAE4F91-67D7-4D55-A79C-A133866C2D6A}.Release|x86.Build.0 = Release|Any CPU
		{B0AF5799-350B-4388-B791-3CFA5B62237D}.Debug|Any CPU.ActiveCfg = Debug|Any CPU
		{B0AF5799-350B-4388-B791-3CFA5B62237D}.Debug|Any CPU.Build.0 = Debug|Any CPU
		{B0AF5799-350B-4388-B791-3CFA5B62237D}.Debug|x64.ActiveCfg = Debug|Any CPU
		{B0AF5799-350B-4388-B791-3CFA5B62237D}.Debug|x64.Build.0 = Debug|Any CPU
		{B0AF5799-350B-4388-B791-3CFA5B62237D}.Debug|x86.ActiveCfg = Debug|Any CPU
		{B0AF5799-350B-4388-B791-3CFA5B62237D}.Debug|x86.Build.0 = Debug|Any CPU
		{B0AF5799-350B-4388-B791-3CFA5B62237D}.Release|Any CPU.ActiveCfg = Release|Any CPU
		{B0AF5799-350B-4388-B791-3CFA5B62237D}.Release|Any CPU.Build.0 = Release|Any CPU
		{B0AF5799-350B-4388-B791-3CFA5B62237D}.Release|x64.ActiveCfg = Release|Any CPU
		{B0AF5799-350B-4388-B791-3CFA5B62237D}.Release|x64.Build.0 = Release|Any CPU
		{B0AF5799-350B-4388-B791-3CFA5B62237D}.Release|x86.ActiveCfg = Release|Any CPU
		{B0AF5799-350B-4388-B791-3CFA5B62237D}.Release|x86.Build.0 = Release|Any CPU
		{65C1E1A3-0466-4790-ABA3-F080DE13F95A}.Debug|Any CPU.ActiveCfg = Debug|Any CPU
		{65C1E1A3-0466-4790-ABA3-F080DE13F95A}.Debug|Any CPU.Build.0 = Debug|Any CPU
		{65C1E1A3-0466-4790-ABA3-F080DE13F95A}.Debug|x64.ActiveCfg = Debug|Any CPU
		{65C1E1A3-0466-4790-ABA3-F080DE13F95A}.Debug|x64.Build.0 = Debug|Any CPU
		{65C1E1A3-0466-4790-ABA3-F080DE13F95A}.Debug|x86.ActiveCfg = Debug|Any CPU
		{65C1E1A3-0466-4790-ABA3-F080DE13F95A}.Debug|x86.Build.0 = Debug|Any CPU
		{65C1E1A3-0466-4790-ABA3-F080DE13F95A}.Release|Any CPU.ActiveCfg = Release|Any CPU
		{65C1E1A3-0466-4790-ABA3-F080DE13F95A}.Release|Any CPU.Build.0 = Release|Any CPU
		{65C1E1A3-0466-4790-ABA3-F080DE13F95A}.Release|x64.ActiveCfg = Release|Any CPU
		{65C1E1A3-0466-4790-ABA3-F080DE13F95A}.Release|x64.Build.0 = Release|Any CPU
		{65C1E1A3-0466-4790-ABA3-F080DE13F95A}.Release|x86.ActiveCfg = Release|Any CPU
		{65C1E1A3-0466-4790-ABA3-F080DE13F95A}.Release|x86.Build.0 = Release|Any CPU
		{58B98164-3B08-45A3-8DD5-97D6D9D4DE54}.Debug|Any CPU.ActiveCfg = Debug|Any CPU
		{58B98164-3B08-45A3-8DD5-97D6D9D4DE54}.Debug|Any CPU.Build.0 = Debug|Any CPU
		{58B98164-3B08-45A3-8DD5-97D6D9D4DE54}.Debug|x64.ActiveCfg = Debug|Any CPU
		{58B98164-3B08-45A3-8DD5-97D6D9D4DE54}.Debug|x64.Build.0 = Debug|Any CPU
		{58B98164-3B08-45A3-8DD5-97D6D9D4DE54}.Debug|x86.ActiveCfg = Debug|Any CPU
		{58B98164-3B08-45A3-8DD5-97D6D9D4DE54}.Debug|x86.Build.0 = Debug|Any CPU
		{58B98164-3B08-45A3-8DD5-97D6D9D4DE54}.Release|Any CPU.ActiveCfg = Release|Any CPU
		{58B98164-3B08-45A3-8DD5-97D6D9D4DE54}.Release|Any CPU.Build.0 = Release|Any CPU
		{58B98164-3B08-45A3-8DD5-97D6D9D4DE54}.Release|x64.ActiveCfg = Release|Any CPU
		{58B98164-3B08-45A3-8DD5-97D6D9D4DE54}.Release|x64.Build.0 = Release|Any CPU
		{58B98164-3B08-45A3-8DD5-97D6D9D4DE54}.Release|x86.ActiveCfg = Release|Any CPU
		{58B98164-3B08-45A3-8DD5-97D6D9D4DE54}.Release|x86.Build.0 = Release|Any CPU
		{E6E7CC2A-3ED1-4AE3-961A-FDC898339E75}.Debug|Any CPU.ActiveCfg = Debug|Any CPU
		{E6E7CC2A-3ED1-4AE3-961A-FDC898339E75}.Debug|Any CPU.Build.0 = Debug|Any CPU
		{E6E7CC2A-3ED1-4AE3-961A-FDC898339E75}.Debug|x64.ActiveCfg = Debug|Any CPU
		{E6E7CC2A-3ED1-4AE3-961A-FDC898339E75}.Debug|x64.Build.0 = Debug|Any CPU
		{E6E7CC2A-3ED1-4AE3-961A-FDC898339E75}.Debug|x86.ActiveCfg = Debug|Any CPU
		{E6E7CC2A-3ED1-4AE3-961A-FDC898339E75}.Debug|x86.Build.0 = Debug|Any CPU
		{E6E7CC2A-3ED1-4AE3-961A-FDC898339E75}.Release|Any CPU.ActiveCfg = Release|Any CPU
		{E6E7CC2A-3ED1-4AE3-961A-FDC898339E75}.Release|Any CPU.Build.0 = Release|Any CPU
		{E6E7CC2A-3ED1-4AE3-961A-FDC898339E75}.Release|x64.ActiveCfg = Release|Any CPU
		{E6E7CC2A-3ED1-4AE3-961A-FDC898339E75}.Release|x64.Build.0 = Release|Any CPU
		{E6E7CC2A-3ED1-4AE3-961A-FDC898339E75}.Release|x86.ActiveCfg = Release|Any CPU
		{E6E7CC2A-3ED1-4AE3-961A-FDC898339E75}.Release|x86.Build.0 = Release|Any CPU
		{A8D42A33-E982-4C02-A4B0-453E364033A2}.Debug|Any CPU.ActiveCfg = Debug|Any CPU
		{A8D42A33-E982-4C02-A4B0-453E364033A2}.Debug|Any CPU.Build.0 = Debug|Any CPU
		{A8D42A33-E982-4C02-A4B0-453E364033A2}.Debug|x64.ActiveCfg = Debug|Any CPU
		{A8D42A33-E982-4C02-A4B0-453E364033A2}.Debug|x64.Build.0 = Debug|Any CPU
		{A8D42A33-E982-4C02-A4B0-453E364033A2}.Debug|x86.ActiveCfg = Debug|Any CPU
		{A8D42A33-E982-4C02-A4B0-453E364033A2}.Debug|x86.Build.0 = Debug|Any CPU
		{A8D42A33-E982-4C02-A4B0-453E364033A2}.Release|Any CPU.ActiveCfg = Release|Any CPU
		{A8D42A33-E982-4C02-A4B0-453E364033A2}.Release|Any CPU.Build.0 = Release|Any CPU
		{A8D42A33-E982-4C02-A4B0-453E364033A2}.Release|x64.ActiveCfg = Release|Any CPU
		{A8D42A33-E982-4C02-A4B0-453E364033A2}.Release|x64.Build.0 = Release|Any CPU
		{A8D42A33-E982-4C02-A4B0-453E364033A2}.Release|x86.ActiveCfg = Release|Any CPU
		{A8D42A33-E982-4C02-A4B0-453E364033A2}.Release|x86.Build.0 = Release|Any CPU
		{943C457D-5540-46FD-835F-1574919571C0}.Debug|Any CPU.ActiveCfg = Debug|Any CPU
		{943C457D-5540-46FD-835F-1574919571C0}.Debug|Any CPU.Build.0 = Debug|Any CPU
		{943C457D-5540-46FD-835F-1574919571C0}.Debug|x64.ActiveCfg = Debug|Any CPU
		{943C457D-5540-46FD-835F-1574919571C0}.Debug|x64.Build.0 = Debug|Any CPU
		{943C457D-5540-46FD-835F-1574919571C0}.Debug|x86.ActiveCfg = Debug|Any CPU
		{943C457D-5540-46FD-835F-1574919571C0}.Debug|x86.Build.0 = Debug|Any CPU
		{943C457D-5540-46FD-835F-1574919571C0}.Release|Any CPU.ActiveCfg = Release|Any CPU
		{943C457D-5540-46FD-835F-1574919571C0}.Release|Any CPU.Build.0 = Release|Any CPU
		{943C457D-5540-46FD-835F-1574919571C0}.Release|x64.ActiveCfg = Release|Any CPU
		{943C457D-5540-46FD-835F-1574919571C0}.Release|x64.Build.0 = Release|Any CPU
		{943C457D-5540-46FD-835F-1574919571C0}.Release|x86.ActiveCfg = Release|Any CPU
		{943C457D-5540-46FD-835F-1574919571C0}.Release|x86.Build.0 = Release|Any CPU
		{C7841E3A-E59D-41A7-A4D0-71ED738EF95A}.Debug|Any CPU.ActiveCfg = Debug|Any CPU
		{C7841E3A-E59D-41A7-A4D0-71ED738EF95A}.Debug|Any CPU.Build.0 = Debug|Any CPU
		{C7841E3A-E59D-41A7-A4D0-71ED738EF95A}.Debug|x64.ActiveCfg = Debug|Any CPU
		{C7841E3A-E59D-41A7-A4D0-71ED738EF95A}.Debug|x64.Build.0 = Debug|Any CPU
		{C7841E3A-E59D-41A7-A4D0-71ED738EF95A}.Debug|x86.ActiveCfg = Debug|Any CPU
		{C7841E3A-E59D-41A7-A4D0-71ED738EF95A}.Debug|x86.Build.0 = Debug|Any CPU
		{C7841E3A-E59D-41A7-A4D0-71ED738EF95A}.Release|Any CPU.ActiveCfg = Release|Any CPU
		{C7841E3A-E59D-41A7-A4D0-71ED738EF95A}.Release|Any CPU.Build.0 = Release|Any CPU
		{C7841E3A-E59D-41A7-A4D0-71ED738EF95A}.Release|x64.ActiveCfg = Release|Any CPU
		{C7841E3A-E59D-41A7-A4D0-71ED738EF95A}.Release|x64.Build.0 = Release|Any CPU
		{C7841E3A-E59D-41A7-A4D0-71ED738EF95A}.Release|x86.ActiveCfg = Release|Any CPU
		{C7841E3A-E59D-41A7-A4D0-71ED738EF95A}.Release|x86.Build.0 = Release|Any CPU
		{1D9B5344-4621-4E6E-B475-2491CF518890}.Debug|Any CPU.ActiveCfg = Debug|Any CPU
		{1D9B5344-4621-4E6E-B475-2491CF518890}.Debug|Any CPU.Build.0 = Debug|Any CPU
		{1D9B5344-4621-4E6E-B475-2491CF518890}.Debug|x64.ActiveCfg = Debug|Any CPU
		{1D9B5344-4621-4E6E-B475-2491CF518890}.Debug|x64.Build.0 = Debug|Any CPU
		{1D9B5344-4621-4E6E-B475-2491CF518890}.Debug|x86.ActiveCfg = Debug|Any CPU
		{1D9B5344-4621-4E6E-B475-2491CF518890}.Debug|x86.Build.0 = Debug|Any CPU
		{1D9B5344-4621-4E6E-B475-2491CF518890}.Release|Any CPU.ActiveCfg = Release|Any CPU
		{1D9B5344-4621-4E6E-B475-2491CF518890}.Release|Any CPU.Build.0 = Release|Any CPU
		{1D9B5344-4621-4E6E-B475-2491CF518890}.Release|x64.ActiveCfg = Release|Any CPU
		{1D9B5344-4621-4E6E-B475-2491CF518890}.Release|x64.Build.0 = Release|Any CPU
		{1D9B5344-4621-4E6E-B475-2491CF518890}.Release|x86.ActiveCfg = Release|Any CPU
		{1D9B5344-4621-4E6E-B475-2491CF518890}.Release|x86.Build.0 = Release|Any CPU
		{C4475D2D-E2AB-46C7-964F-169AD67057BB}.Debug|Any CPU.ActiveCfg = Debug|Any CPU
		{C4475D2D-E2AB-46C7-964F-169AD67057BB}.Debug|Any CPU.Build.0 = Debug|Any CPU
		{C4475D2D-E2AB-46C7-964F-169AD67057BB}.Debug|x64.ActiveCfg = Debug|Any CPU
		{C4475D2D-E2AB-46C7-964F-169AD67057BB}.Debug|x64.Build.0 = Debug|Any CPU
		{C4475D2D-E2AB-46C7-964F-169AD67057BB}.Debug|x86.ActiveCfg = Debug|Any CPU
		{C4475D2D-E2AB-46C7-964F-169AD67057BB}.Debug|x86.Build.0 = Debug|Any CPU
		{C4475D2D-E2AB-46C7-964F-169AD67057BB}.Release|Any CPU.ActiveCfg = Release|Any CPU
		{C4475D2D-E2AB-46C7-964F-169AD67057BB}.Release|Any CPU.Build.0 = Release|Any CPU
		{C4475D2D-E2AB-46C7-964F-169AD67057BB}.Release|x64.ActiveCfg = Release|Any CPU
		{C4475D2D-E2AB-46C7-964F-169AD67057BB}.Release|x64.Build.0 = Release|Any CPU
		{C4475D2D-E2AB-46C7-964F-169AD67057BB}.Release|x86.ActiveCfg = Release|Any CPU
		{C4475D2D-E2AB-46C7-964F-169AD67057BB}.Release|x86.Build.0 = Release|Any CPU
		{10BC48BB-9621-4FB4-B224-51D577EE0C7C}.Debug|Any CPU.ActiveCfg = Debug|Any CPU
		{10BC48BB-9621-4FB4-B224-51D577EE0C7C}.Debug|Any CPU.Build.0 = Debug|Any CPU
		{10BC48BB-9621-4FB4-B224-51D577EE0C7C}.Debug|x64.ActiveCfg = Debug|Any CPU
		{10BC48BB-9621-4FB4-B224-51D577EE0C7C}.Debug|x64.Build.0 = Debug|Any CPU
		{10BC48BB-9621-4FB4-B224-51D577EE0C7C}.Debug|x86.ActiveCfg = Debug|Any CPU
		{10BC48BB-9621-4FB4-B224-51D577EE0C7C}.Debug|x86.Build.0 = Debug|Any CPU
		{10BC48BB-9621-4FB4-B224-51D577EE0C7C}.Release|Any CPU.ActiveCfg = Release|Any CPU
		{10BC48BB-9621-4FB4-B224-51D577EE0C7C}.Release|Any CPU.Build.0 = Release|Any CPU
		{10BC48BB-9621-4FB4-B224-51D577EE0C7C}.Release|x64.ActiveCfg = Release|Any CPU
		{10BC48BB-9621-4FB4-B224-51D577EE0C7C}.Release|x64.Build.0 = Release|Any CPU
		{10BC48BB-9621-4FB4-B224-51D577EE0C7C}.Release|x86.ActiveCfg = Release|Any CPU
		{10BC48BB-9621-4FB4-B224-51D577EE0C7C}.Release|x86.Build.0 = Release|Any CPU
		{445FC5F5-1DAF-4F36-BBB4-80A4FA51C937}.Debug|Any CPU.ActiveCfg = Debug|Any CPU
		{445FC5F5-1DAF-4F36-BBB4-80A4FA51C937}.Debug|Any CPU.Build.0 = Debug|Any CPU
		{445FC5F5-1DAF-4F36-BBB4-80A4FA51C937}.Debug|x64.ActiveCfg = Debug|Any CPU
		{445FC5F5-1DAF-4F36-BBB4-80A4FA51C937}.Debug|x64.Build.0 = Debug|Any CPU
		{445FC5F5-1DAF-4F36-BBB4-80A4FA51C937}.Debug|x86.ActiveCfg = Debug|Any CPU
		{445FC5F5-1DAF-4F36-BBB4-80A4FA51C937}.Debug|x86.Build.0 = Debug|Any CPU
		{445FC5F5-1DAF-4F36-BBB4-80A4FA51C937}.Release|Any CPU.ActiveCfg = Release|Any CPU
		{445FC5F5-1DAF-4F36-BBB4-80A4FA51C937}.Release|Any CPU.Build.0 = Release|Any CPU
		{445FC5F5-1DAF-4F36-BBB4-80A4FA51C937}.Release|x64.ActiveCfg = Release|Any CPU
		{445FC5F5-1DAF-4F36-BBB4-80A4FA51C937}.Release|x64.Build.0 = Release|Any CPU
		{445FC5F5-1DAF-4F36-BBB4-80A4FA51C937}.Release|x86.ActiveCfg = Release|Any CPU
		{445FC5F5-1DAF-4F36-BBB4-80A4FA51C937}.Release|x86.Build.0 = Release|Any CPU
	EndGlobalSection
	GlobalSection(SolutionProperties) = preSolution
		HideSolutionNode = FALSE
	EndGlobalSection
	GlobalSection(NestedProjects) = preSolution
		{00B59D96-ED68-C920-9F91-B6B8B1FC5EF2} = {827E0CD3-B72D-47B6-A68D-7590B98EB39B}
		{2EAE4F91-67D7-4D55-A79C-A133866C2D6A} = {00B59D96-ED68-C920-9F91-B6B8B1FC5EF2}
		{B0AF5799-350B-4388-B791-3CFA5B62237D} = {00B59D96-ED68-C920-9F91-B6B8B1FC5EF2}
		{65C1E1A3-0466-4790-ABA3-F080DE13F95A} = {00B59D96-ED68-C920-9F91-B6B8B1FC5EF2}
		{58B98164-3B08-45A3-8DD5-97D6D9D4DE54} = {00B59D96-ED68-C920-9F91-B6B8B1FC5EF2}
		{1090C7B2-D6BA-09C0-4563-5AE6CFD2207F} = {827E0CD3-B72D-47B6-A68D-7590B98EB39B}
		{E6E7CC2A-3ED1-4AE3-961A-FDC898339E75} = {1090C7B2-D6BA-09C0-4563-5AE6CFD2207F}
		{A8D42A33-E982-4C02-A4B0-453E364033A2} = {1090C7B2-D6BA-09C0-4563-5AE6CFD2207F}
		{943C457D-5540-46FD-835F-1574919571C0} = {1090C7B2-D6BA-09C0-4563-5AE6CFD2207F}
		{C7841E3A-E59D-41A7-A4D0-71ED738EF95A} = {1090C7B2-D6BA-09C0-4563-5AE6CFD2207F}
		{1D9B5344-4621-4E6E-B475-2491CF518890} = {827E0CD3-B72D-47B6-A68D-7590B98EB39B}
		{C4475D2D-E2AB-46C7-964F-169AD67057BB} = {827E0CD3-B72D-47B6-A68D-7590B98EB39B}
		{10BC48BB-9621-4FB4-B224-51D577EE0C7C} = {00B59D96-ED68-C920-9F91-B6B8B1FC5EF2}
		{445FC5F5-1DAF-4F36-BBB4-80A4FA51C937} = {1090C7B2-D6BA-09C0-4563-5AE6CFD2207F}
	EndGlobalSection
EndGlobal
